
Microsoft Visual Studio Solution File, Format Version 12.00
# Visual Studio 15
VisualStudioVersion = 15.0.28010.2041
MinimumVisualStudioVersion = 10.0.40219.1
Project("{FAE04EC0-301F-11D3-BF4B-00C04F79EFBC}") = "YMOv2", "YMOv2\YMOv2.csproj", "{D484C10C-5108-4A21-A838-C545B3253797}"
EndProject
Global
	GlobalSection(SolutionConfigurationPlatforms) = preSolution
		Debug|Any CPU = Debug|Any CPU
		Release|Any CPU = Release|Any CPU
	EndGlobalSection
	GlobalSection(ProjectConfigurationPlatforms) = postSolution
		{D484C10C-5108-4A21-A838-C545B3253797}.Debug|Any CPU.ActiveCfg = Debug|Any CPU
		{D484C10C-5108-4A21-A838-C545B3253797}.Debug|Any CPU.Build.0 = Debug|Any CPU
		{D484C10C-5108-4A21-A838-C545B3253797}.Release|Any CPU.ActiveCfg = Release|Any CPU
		{D484C10C-5108-4A21-A838-C545B3253797}.Release|Any CPU.Build.0 = Release|Any CPU
	EndGlobalSection
	GlobalSection(SolutionProperties) = preSolution
		HideSolutionNode = FALSE
	EndGlobalSection
	GlobalSection(ExtensibilityGlobals) = postSolution
		SolutionGuid = {69069CF2-435B-486F-B9AC-45819151A211}
	EndGlobalSection
EndGlobal
